
Microsoft Visual Studio Solution File, Format Version 12.00
# Visual Studio Version 16
VisualStudioVersion = 16.0.29326.143
MinimumVisualStudioVersion = 10.0.40219.1
Project("{FAE04EC0-301F-11D3-BF4B-00C04F79EFBC}") = "GalonesDeGasolina", "GalonesDeGasolina.csproj", "{14413C74-F6FE-4BC2-B958-C290C12A5631}"
EndProject
Global
	GlobalSection(SolutionConfigurationPlatforms) = preSolution
		Debug|Any CPU = Debug|Any CPU
		Release|Any CPU = Release|Any CPU
	EndGlobalSection
	GlobalSection(ProjectConfigurationPlatforms) = postSolution
		{14413C74-F6FE-4BC2-B958-C290C12A5631}.Debug|Any CPU.ActiveCfg = Debug|Any CPU
		{14413C74-F6FE-4BC2-B958-C290C12A5631}.Debug|Any CPU.Build.0 = Debug|Any CPU
		{14413C74-F6FE-4BC2-B958-C290C12A5631}.Release|Any CPU.ActiveCfg = Release|Any CPU
		{14413C74-F6FE-4BC2-B958-C290C12A5631}.Release|Any CPU.Build.0 = Release|Any CPU
	EndGlobalSection
	GlobalSection(SolutionProperties) = preSolution
		HideSolutionNode = FALSE
	EndGlobalSection
	GlobalSection(ExtensibilityGlobals) = postSolution
		SolutionGuid = {CF23A81E-2721-4B3C-922B-B3319D3BC56D}
	EndGlobalSection
EndGlobal
